<?xml version="1.0" encoding="UTF-8"?>
<Solution>
	<Configurations>
		<BuildType Name="Debug"/>
		<BuildType Name="Release"/>
		<BuildType Name="MinSizeRel"/>
		<BuildType Name="RelWithDebInfo"/>
		<Platform Name="x64"/>
	</Configurations>
	<Project Path="ALL_BUILD.vcxproj" Type="8bc9ceb8-8b4a-11d0-8d11-00a0c91bc942" Id="6a6fb5eb-2fd4-3ee6-83f0-74f39a38aafb" DefaultStartup="true">
		<BuildDependency Project="ZERO_CHECK.vcxproj"/>
		<BuildDependency Project="driver_pixelvr.vcxproj"/>
		<Build Solution="Debug|*" Project="false"/>
		<Build Solution="Release|*" Project="false"/>
		<Build Solution="MinSizeRel|*" Project="false"/>
		<Build Solution="RelWithDebInfo|*" Project="false"/>
	</Project>
	<Project Path="ZERO_CHECK.vcxproj" Type="8bc9ceb8-8b4a-11d0-8d11-00a0c91bc942" Id="789403b0-61f8-350d-b002-c4c2a32af80e"/>
	<Project Path="driver_pixelvr.vcxproj" Type="8bc9ceb8-8b4a-11d0-8d11-00a0c91bc942" Id="63141d91-790a-34c4-9881-110e2ce697b3">
		<BuildDependency Project="ZERO_CHECK.vcxproj"/>
	</Project>
</Solution>
